
Microsoft Visual Studio Solution File, Format Version 12.00
# Visual Studio Version 16
VisualStudioVersion = 16.0.31410.357
MinimumVisualStudioVersion = 10.0.40219.1
Project("{FAE04EC0-301F-11D3-BF4B-00C04F79EFBC}") = "EyeRobotControlApp", "EyeRobotControlApp\EyeRobotControlApp.csproj", "{29342909-1589-4CB3-BDB2-F688A6AECA23}"
EndProject
Global
	GlobalSection(SolutionConfigurationPlatforms) = preSolution
		Debug|Any CPU = Debug|Any CPU
		Release|Any CPU = Release|Any CPU
	EndGlobalSection
	GlobalSection(ProjectConfigurationPlatforms) = postSolution
		{29342909-1589-4CB3-BDB2-F688A6AECA23}.Debug|Any CPU.ActiveCfg = Debug|Any CPU
		{29342909-1589-4CB3-BDB2-F688A6AECA23}.Debug|Any CPU.Build.0 = Debug|Any CPU
		{29342909-1589-4CB3-BDB2-F688A6AECA23}.Release|Any CPU.ActiveCfg = Release|Any CPU
		{29342909-1589-4CB3-BDB2-F688A6AECA23}.Release|Any CPU.Build.0 = Release|Any CPU
	EndGlobalSection
	GlobalSection(SolutionProperties) = preSolution
		HideSolutionNode = FALSE
	EndGlobalSection
	GlobalSection(ExtensibilityGlobals) = postSolution
		SolutionGuid = {0D4DD0D0-970B-4476-87B4-118D2E1C866F}
	EndGlobalSection
EndGlobal
